
Microsoft Visual Studio Solution File, Format Version 12.00
# Visual Studio Version 17
VisualStudioVersion = 17.5.002.0
MinimumVisualStudioVersion = 10.0.40219.1
Project("{9A19103F-16F7-4668-BE54-9A1E7A4F7556}") = "Calculadora", "Calculadora\Calculadora.csproj", "{256C353C-73A2-4AA9-8907-53F46E70F15C}"
EndProject
Project("{9A19103F-16F7-4668-BE54-9A1E7A4F7556}") = "Cronometro", "Cronometro\Cronometro.csproj", "{8F12AC14-B94A-42A9-AAEA-31DC034338AE}"
EndProject
Project("{9A19103F-16F7-4668-BE54-9A1E7A4F7556}") = "EditorTexto", "EditorTexto\EditorTexto.csproj", "{23340CCA-A4BB-4C7E-A322-EB44EEDDB6F1}"
EndProject
Project("{9A19103F-16F7-4668-BE54-9A1E7A4F7556}") = "Guids", "Teoria\Guids.csproj", "{8B0D9E3E-BE23-4F34-95C6-F5B28A8612A5}"
EndProject
Global
	GlobalSection(SolutionConfigurationPlatforms) = preSolution
		Debug|Any CPU = Debug|Any CPU
		Release|Any CPU = Release|Any CPU
	EndGlobalSection
	GlobalSection(ProjectConfigurationPlatforms) = postSolution
		{256C353C-73A2-4AA9-8907-53F46E70F15C}.Debug|Any CPU.ActiveCfg = Debug|Any CPU
		{256C353C-73A2-4AA9-8907-53F46E70F15C}.Debug|Any CPU.Build.0 = Debug|Any CPU
		{256C353C-73A2-4AA9-8907-53F46E70F15C}.Release|Any CPU.ActiveCfg = Release|Any CPU
		{256C353C-73A2-4AA9-8907-53F46E70F15C}.Release|Any CPU.Build.0 = Release|Any CPU
		{8F12AC14-B94A-42A9-AAEA-31DC034338AE}.Debug|Any CPU.ActiveCfg = Debug|Any CPU
		{8F12AC14-B94A-42A9-AAEA-31DC034338AE}.Debug|Any CPU.Build.0 = Debug|Any CPU
		{8F12AC14-B94A-42A9-AAEA-31DC034338AE}.Release|Any CPU.ActiveCfg = Release|Any CPU
		{8F12AC14-B94A-42A9-AAEA-31DC034338AE}.Release|Any CPU.Build.0 = Release|Any CPU
		{23340CCA-A4BB-4C7E-A322-EB44EEDDB6F1}.Debug|Any CPU.ActiveCfg = Debug|Any CPU
		{23340CCA-A4BB-4C7E-A322-EB44EEDDB6F1}.Debug|Any CPU.Build.0 = Debug|Any CPU
		{23340CCA-A4BB-4C7E-A322-EB44EEDDB6F1}.Release|Any CPU.ActiveCfg = Release|Any CPU
		{23340CCA-A4BB-4C7E-A322-EB44EEDDB6F1}.Release|Any CPU.Build.0 = Release|Any CPU
		{8B0D9E3E-BE23-4F34-95C6-F5B28A8612A5}.Debug|Any CPU.ActiveCfg = Debug|Any CPU
		{8B0D9E3E-BE23-4F34-95C6-F5B28A8612A5}.Debug|Any CPU.Build.0 = Debug|Any CPU
		{8B0D9E3E-BE23-4F34-95C6-F5B28A8612A5}.Release|Any CPU.ActiveCfg = Release|Any CPU
		{8B0D9E3E-BE23-4F34-95C6-F5B28A8612A5}.Release|Any CPU.Build.0 = Release|Any CPU
	EndGlobalSection
	GlobalSection(SolutionProperties) = preSolution
		HideSolutionNode = FALSE
	EndGlobalSection
	GlobalSection(ExtensibilityGlobals) = postSolution
		SolutionGuid = {5576B4E9-DA5E-4B25-B9DD-BB6B6A9E23CE}
	EndGlobalSection
EndGlobal
