
Microsoft Visual Studio Solution File, Format Version 12.00
# Visual Studio Version 17
VisualStudioVersion = 17.7.34024.191
MinimumVisualStudioVersion = 10.0.40219.1
Project("{FAE04EC0-301F-11D3-BF4B-00C04F79EFBC}") = "Contact", "Contact\Contact.csproj", "{E5F8B5DD-3A2C-48E0-9492-690BDD2130AA}"
EndProject
Global
	GlobalSection(SolutionConfigurationPlatforms) = preSolution
		Debug|Any CPU = Debug|Any CPU
		Release|Any CPU = Release|Any CPU
	EndGlobalSection
	GlobalSection(ProjectConfigurationPlatforms) = postSolution
		{E5F8B5DD-3A2C-48E0-9492-690BDD2130AA}.Debug|Any CPU.ActiveCfg = Debug|Any CPU
		{E5F8B5DD-3A2C-48E0-9492-690BDD2130AA}.Debug|Any CPU.Build.0 = Debug|Any CPU
		{E5F8B5DD-3A2C-48E0-9492-690BDD2130AA}.Release|Any CPU.ActiveCfg = Release|Any CPU
		{E5F8B5DD-3A2C-48E0-9492-690BDD2130AA}.Release|Any CPU.Build.0 = Release|Any CPU
	EndGlobalSection
	GlobalSection(SolutionProperties) = preSolution
		HideSolutionNode = FALSE
	EndGlobalSection
	GlobalSection(ExtensibilityGlobals) = postSolution
		SolutionGuid = {38972913-E6B2-4297-8765-377DB41BB060}
	EndGlobalSection
EndGlobal
